lockfileVersion: 5.3

specifiers:
  '@types/node': ^18.17.9
  clivas: ^0.2.0
  keypress: ^0.2.1
  typescript: ^5.1.6

dependencies:
  '@types/node': 18.17.9
  clivas: 0.2.0
  keypress: 0.2.1
  typescript: 5.1.6

packages:

  /@types/node/18.17.9:
    resolution: {integrity: sha512-fxaKquqYcPOGwE7tC1anJaPJ0GHyOVzfA2oUoXECjBjrtsIz4YJvtNYsq8LUcjEUehEF+jGpx8Z+lFrtT6z0tg==}
    dev: false

  /clivas/0.2.0:
    resolution: {integrity: sha1-uNGRiLMkPjkPMCQQvQyxYi24Jkk=}
    dev: false

  /keypress/0.2.1:
    resolution: {integrity: sha1-HoBFQlABjbrUw/6USX1uZ7YmnHc=}
    dev: false

  /typescript/5.1.6:
    resolution: {integrity: sha512-zaWCozRZ6DLEWAWFrVDz1H6FVXzUSfTy5FUMWsQlU8Ym5JP9eO4xkTIROFCQvhQf61z6O/G6ugw3SgAnvvm+HA==}
    engines: {node: '>=14.17'}
    hasBin: true
    dev: false
