lockfileVersion: 5.3

specifiers:
  '@types/node': ^18.16.19
  clivas: ^0.2.0
  keypress: ^0.2.1
  typescript: ^5.1.6

dependencies:
  '@types/node': 18.16.19
  clivas: 0.2.0
  keypress: 0.2.1
  typescript: 5.1.6

packages:

  /@types/node/18.16.19:
    resolution: {integrity: sha512-IXl7o+R9iti9eBW4Wg2hx1xQDig183jj7YLn8F7udNceyfkbn1ZxmzZXuak20gR40D7pIkIY1kYGx5VIGbaHKA==}
    dev: false

  /clivas/0.2.0:
    resolution: {integrity: sha1-uNGRiLMkPjkPMCQQvQyxYi24Jkk=}
    dev: false

  /keypress/0.2.1:
    resolution: {integrity: sha1-HoBFQlABjbrUw/6USX1uZ7YmnHc=}
    dev: false

  /typescript/5.1.6:
    resolution: {integrity: sha512-zaWCozRZ6DLEWAWFrVDz1H6FVXzUSfTy5FUMWsQlU8Ym5JP9eO4xkTIROFCQvhQf61z6O/G6ugw3SgAnvvm+HA==}
    engines: {node: '>=14.17'}
    hasBin: true
    dev: false
